
Microsoft Visual Studio Solution File, Format Version 12.00
# Visual Studio Version 16
VisualStudioVersion = 16.0.31729.503
MinimumVisualStudioVersion = 10.0.40219.1
Project("{9A19103F-16F7-4668-BE54-9A1E7A4F7556}") = "Frontend", "Frontend\Frontend.csproj", "{BCFB1AD4-8236-46B4-A62E-73C630EA97CE}"
EndProject
Project("{FAE04EC0-301F-11D3-BF4B-00C04F79EFBC}") = "Tests", "Tests\Tests.csproj", "{C82AEF46-2FBB-4053-AF8F-38F3DB774508}"
EndProject
Global
	GlobalSection(SolutionConfigurationPlatforms) = preSolution
		Debug|Any CPU = Debug|Any CPU
		Release|Any CPU = Release|Any CPU
	EndGlobalSection
	GlobalSection(ProjectConfigurationPlatforms) = postSolution
		{BCFB1AD4-8236-46B4-A62E-73C630EA97CE}.Debug|Any CPU.ActiveCfg = Debug|Any CPU
		{BCFB1AD4-8236-46B4-A62E-73C630EA97CE}.Debug|Any CPU.Build.0 = Debug|Any CPU
		{BCFB1AD4-8236-46B4-A62E-73C630EA97CE}.Release|Any CPU.ActiveCfg = Release|Any CPU
		{BCFB1AD4-8236-46B4-A62E-73C630EA97CE}.Release|Any CPU.Build.0 = Release|Any CPU
		{C82AEF46-2FBB-4053-AF8F-38F3DB774508}.Debug|Any CPU.ActiveCfg = Debug|Any CPU
		{C82AEF46-2FBB-4053-AF8F-38F3DB774508}.Debug|Any CPU.Build.0 = Debug|Any CPU
		{C82AEF46-2FBB-4053-AF8F-38F3DB774508}.Release|Any CPU.ActiveCfg = Release|Any CPU
		{C82AEF46-2FBB-4053-AF8F-38F3DB774508}.Release|Any CPU.Build.0 = Release|Any CPU
	EndGlobalSection
	GlobalSection(SolutionProperties) = preSolution
		HideSolutionNode = FALSE
	EndGlobalSection
	GlobalSection(ExtensibilityGlobals) = postSolution
		SolutionGuid = {1568B2E4-76D4-479E-BD6D-1ECC04015B67}
	EndGlobalSection
EndGlobal
